{
    "_readme": [
        "This file locks the dependencies of your project to a known state",
        "Read more about it at https://getcomposer.org/doc/01-basic-usage.md#installing-dependencies",
        "This file is @generated automatically"
    ],
    "content-hash": "4c68e5f2569decf539defdf0eaed860c",
    "packages": [
        {
            "name": "chenframe/promise",
            "version": "1.0.1",
            "source": {
                "type": "git",
                "url": "https://github.com/chenframe/promise.git",
                "reference": "fa18608a2611d085b74e372b4881ea8a2b985721"
            },
            "dist": {
                "type": "zip",
                "url": "https://api.github.com/repos/chenframe/promise/zipball/fa18608a2611d085b74e372b4881ea8a2b985721",
                "reference": "fa18608a2611d085b74e372b4881ea8a2b985721",
                "shasum": ""
            },
            "require": {
                "php": ">=7.2",
                "psr/container": ">=1.0"
            },
            "type": "library",
            "autoload": {
                "psr-4": {
                    "Chenframe\\Promise\\": ""
                }
            },
            "notification-url": "https://packagist.org/downloads/",
            "license": [
                "MIT"
            ],
            "authors": [
                {
                    "name": "chenxiansen",
                    "email": "1849132652@qq.com"
                }
            ],
            "description": "the promise package of chenframe",
            "time": "2020-06-15T12:35:47+00:00"
        },
        {
            "name": "psr/container",
            "version": "dev-master",
            "source": {
                "type": "git",
                "url": "https://github.com/php-fig/container.git",
                "reference": "fc1bc363ecf887921e3897c7b1dad3587ae154eb"
            },
            "dist": {
                "type": "zip",
                "url": "https://api.github.com/repos/php-fig/container/zipball/fc1bc363ecf887921e3897c7b1dad3587ae154eb",
                "reference": "fc1bc363ecf887921e3897c7b1dad3587ae154eb",
                "shasum": ""
            },
            "require": {
                "php": ">=5.3.0"
            },
            "type": "library",
            "extra": {
                "branch-alias": {
                    "dev-master": "1.0.x-dev"
                }
            },
            "autoload": {
                "psr-4": {
                    "Psr\\Container\\": "src/"
                }
            },
            "notification-url": "https://packagist.org/downloads/",
            "license": [
                "MIT"
            ],
            "authors": [
                {
                    "name": "PHP-FIG",
                    "homepage": "http://www.php-fig.org/"
                }
            ],
            "description": "Common Container Interface (PHP FIG PSR-11)",
            "homepage": "https://github.com/php-fig/container",
            "keywords": [
                "PSR-11",
                "container",
                "container-interface",
                "container-interop",
                "psr"
            ],
            "time": "2019-10-04T14:07:35+00:00"
        }
    ],
    "packages-dev": [],
    "aliases": [],
    "minimum-stability": "dev",
    "stability-flags": [],
    "prefer-stable": false,
    "prefer-lowest": false,
    "platform": {
        "php": "^7.2"
    },
    "platform-dev": []
}
